
Microsoft Visual Studio Solution File, Format Version 12.00
# Visual Studio 15
VisualStudioVersion = 15.0.26730.3
MinimumVisualStudioVersion = 10.0.40219.1
Project("{FAE04EC0-301F-11D3-BF4B-00C04F79EFBC}") = "BankApp", "BankApp\BankApp\BankApp.csproj", "{E5BDFA26-E985-445A-986B-9A0D78ACB26E}"
EndProject
Project("{FAE04EC0-301F-11D3-BF4B-00C04F79EFBC}") = "BankApp.Android", "BankApp\BankApp.Android\BankApp.Android.csproj", "{F29F0BA7-241A-4668-AA27-1571E6B34B60}"
EndProject
Project("{FAE04EC0-301F-11D3-BF4B-00C04F79EFBC}") = "BankApi", "BankApi\BankApi.csproj", "{35DC512F-D4CD-4FFE-9CDA-25FB535B2126}"
EndProject
Project("{FAE04EC0-301F-11D3-BF4B-00C04F79EFBC}") = "TestApp", "TestApp\TestApp.csproj", "{9AF4B18A-B169-480F-B586-0E33672E9DFE}"
EndProject
Global
	GlobalSection(SolutionConfigurationPlatforms) = preSolution
		Ad-Hoc|Any CPU = Ad-Hoc|Any CPU
		Ad-Hoc|iPhone = Ad-Hoc|iPhone
		Ad-Hoc|iPhoneSimulator = Ad-Hoc|iPhoneSimulator
		AppStore|Any CPU = AppStore|Any CPU
		AppStore|iPhone = AppStore|iPhone
		AppStore|iPhoneSimulator = AppStore|iPhoneSimulator
		Debug|Any CPU = Debug|Any CPU
		Debug|iPhone = Debug|iPhone
		Debug|iPhoneSimulator = Debug|iPhoneSimulator
		Release|Any CPU = Release|Any CPU
		Release|iPhone = Release|iPhone
		Release|iPhoneSimulator = Release|iPhoneSimulator
	EndGlobalSection
	GlobalSection(ProjectConfigurationPlatforms) = postSolution
		{E5BDFA26-E985-445A-986B-9A0D78ACB26E}.Ad-Hoc|Any CPU.ActiveCfg = Debug|Any CPU
		{E5BDFA26-E985-445A-986B-9A0D78ACB26E}.Ad-Hoc|Any CPU.Build.0 = Debug|Any CPU
		{E5BDFA26-E985-445A-986B-9A0D78ACB26E}.Ad-Hoc|iPhone.ActiveCfg = Debug|Any CPU
		{E5BDFA26-E985-445A-986B-9A0D78ACB26E}.Ad-Hoc|iPhone.Build.0 = Debug|Any CPU
		{E5BDFA26-E985-445A-986B-9A0D78ACB26E}.Ad-Hoc|iPhoneSimulator.ActiveCfg = Debug|Any CPU
		{E5BDFA26-E985-445A-986B-9A0D78ACB26E}.Ad-Hoc|iPhoneSimulator.Build.0 = Debug|Any CPU
		{E5BDFA26-E985-445A-986B-9A0D78ACB26E}.AppStore|Any CPU.ActiveCfg = Debug|Any CPU
		{E5BDFA26-E985-445A-986B-9A0D78ACB26E}.AppStore|Any CPU.Build.0 = Debug|Any CPU
		{E5BDFA26-E985-445A-986B-9A0D78ACB26E}.AppStore|iPhone.ActiveCfg = Debug|Any CPU
		{E5BDFA26-E985-445A-986B-9A0D78ACB26E}.AppStore|iPhone.Build.0 = Debug|Any CPU
		{E5BDFA26-E985-445A-986B-9A0D78ACB26E}.AppStore|iPhoneSimulator.ActiveCfg = Debug|Any CPU
		{E5BDFA26-E985-445A-986B-9A0D78ACB26E}.AppStore|iPhoneSimulator.Build.0 = Debug|Any CPU
		{E5BDFA26-E985-445A-986B-9A0D78ACB26E}.Debug|Any CPU.ActiveCfg = Debug|Any CPU
		{E5BDFA26-E985-445A-986B-9A0D78ACB26E}.Debug|Any CPU.Build.0 = Debug|Any CPU
		{E5BDFA26-E985-445A-986B-9A0D78ACB26E}.Debug|iPhone.ActiveCfg = Debug|Any CPU
		{E5BDFA26-E985-445A-986B-9A0D78ACB26E}.Debug|iPhone.Build.0 = Debug|Any CPU
		{E5BDFA26-E985-445A-986B-9A0D78ACB26E}.Debug|iPhoneSimulator.ActiveCfg = Debug|Any CPU
		{E5BDFA26-E985-445A-986B-9A0D78ACB26E}.Debug|iPhoneSimulator.Build.0 = Debug|Any CPU
		{E5BDFA26-E985-445A-986B-9A0D78ACB26E}.Release|Any CPU.ActiveCfg = Release|Any CPU
		{E5BDFA26-E985-445A-986B-9A0D78ACB26E}.Release|Any CPU.Build.0 = Release|Any CPU
		{E5BDFA26-E985-445A-986B-9A0D78ACB26E}.Release|iPhone.ActiveCfg = Release|Any CPU
		{E5BDFA26-E985-445A-986B-9A0D78ACB26E}.Release|iPhone.Build.0 = Release|Any CPU
		{E5BDFA26-E985-445A-986B-9A0D78ACB26E}.Release|iPhoneSimulator.ActiveCfg = Release|Any CPU
		{E5BDFA26-E985-445A-986B-9A0D78ACB26E}.Release|iPhoneSimulator.Build.0 = Release|Any CPU
		{F29F0BA7-241A-4668-AA27-1571E6B34B60}.Ad-Hoc|Any CPU.ActiveCfg = Release|Any CPU
		{F29F0BA7-241A-4668-AA27-1571E6B34B60}.Ad-Hoc|Any CPU.Build.0 = Release|Any CPU
		{F29F0BA7-241A-4668-AA27-1571E6B34B60}.Ad-Hoc|Any CPU.Deploy.0 = Release|Any CPU
		{F29F0BA7-241A-4668-AA27-1571E6B34B60}.Ad-Hoc|iPhone.ActiveCfg = Release|Any CPU
		{F29F0BA7-241A-4668-AA27-1571E6B34B60}.Ad-Hoc|iPhone.Build.0 = Release|Any CPU
		{F29F0BA7-241A-4668-AA27-1571E6B34B60}.Ad-Hoc|iPhone.Deploy.0 = Release|Any CPU
		{F29F0BA7-241A-4668-AA27-1571E6B34B60}.Ad-Hoc|iPhoneSimulator.ActiveCfg = Release|Any CPU
		{F29F0BA7-241A-4668-AA27-1571E6B34B60}.Ad-Hoc|iPhoneSimulator.Build.0 = Release|Any CPU
		{F29F0BA7-241A-4668-AA27-1571E6B34B60}.Ad-Hoc|iPhoneSimulator.Deploy.0 = Release|Any CPU
		{F29F0BA7-241A-4668-AA27-1571E6B34B60}.AppStore|Any CPU.ActiveCfg = Release|Any CPU
		{F29F0BA7-241A-4668-AA27-1571E6B34B60}.AppStore|Any CPU.Build.0 = Release|Any CPU
		{F29F0BA7-241A-4668-AA27-1571E6B34B60}.AppStore|Any CPU.Deploy.0 = Release|Any CPU
		{F29F0BA7-241A-4668-AA27-1571E6B34B60}.AppStore|iPhone.ActiveCfg = Release|Any CPU
		{F29F0BA7-241A-4668-AA27-1571E6B34B60}.AppStore|iPhone.Build.0 = Release|Any CPU
		{F29F0BA7-241A-4668-AA27-1571E6B34B60}.AppStore|iPhone.Deploy.0 = Release|Any CPU
		{F29F0BA7-241A-4668-AA27-1571E6B34B60}.AppStore|iPhoneSimulator.ActiveCfg = Release|Any CPU
		{F29F0BA7-241A-4668-AA27-1571E6B34B60}.AppStore|iPhoneSimulator.Build.0 = Release|Any CPU
		{F29F0BA7-241A-4668-AA27-1571E6B34B60}.AppStore|iPhoneSimulator.Deploy.0 = Release|Any CPU
		{F29F0BA7-241A-4668-AA27-1571E6B34B60}.Debug|Any CPU.ActiveCfg = Debug|Any CPU
		{F29F0BA7-241A-4668-AA27-1571E6B34B60}.Debug|Any CPU.Build.0 = Debug|Any CPU
		{F29F0BA7-241A-4668-AA27-1571E6B34B60}.Debug|Any CPU.Deploy.0 = Debug|Any CPU
		{F29F0BA7-241A-4668-AA27-1571E6B34B60}.Debug|iPhone.ActiveCfg = Debug|Any CPU
		{F29F0BA7-241A-4668-AA27-1571E6B34B60}.Debug|iPhone.Build.0 = Debug|Any CPU
		{F29F0BA7-241A-4668-AA27-1571E6B34B60}.Debug|iPhone.Deploy.0 = Debug|Any CPU
		{F29F0BA7-241A-4668-AA27-1571E6B34B60}.Debug|iPhoneSimulator.ActiveCfg = Debug|Any CPU
		{F29F0BA7-241A-4668-AA27-1571E6B34B60}.Debug|iPhoneSimulator.Build.0 = Debug|Any CPU
		{F29F0BA7-241A-4668-AA27-1571E6B34B60}.Debug|iPhoneSimulator.Deploy.0 = Debug|Any CPU
		{F29F0BA7-241A-4668-AA27-1571E6B34B60}.Release|Any CPU.ActiveCfg = Release|Any CPU
		{F29F0BA7-241A-4668-AA27-1571E6B34B60}.Release|Any CPU.Build.0 = Release|Any CPU
		{F29F0BA7-241A-4668-AA27-1571E6B34B60}.Release|Any CPU.Deploy.0 = Release|Any CPU
		{F29F0BA7-241A-4668-AA27-1571E6B34B60}.Release|iPhone.ActiveCfg = Release|Any CPU
		{F29F0BA7-241A-4668-AA27-1571E6B34B60}.Release|iPhone.Build.0 = Release|Any CPU
		{F29F0BA7-241A-4668-AA27-1571E6B34B60}.Release|iPhone.Deploy.0 = Release|Any CPU
		{F29F0BA7-241A-4668-AA27-1571E6B34B60}.Release|iPhoneSimulator.ActiveCfg = Release|Any CPU
		{F29F0BA7-241A-4668-AA27-1571E6B34B60}.Release|iPhoneSimulator.Build.0 = Release|Any CPU
		{F29F0BA7-241A-4668-AA27-1571E6B34B60}.Release|iPhoneSimulator.Deploy.0 = Release|Any CPU
		{35DC512F-D4CD-4FFE-9CDA-25FB535B2126}.Ad-Hoc|Any CPU.ActiveCfg = Release|Any CPU
		{35DC512F-D4CD-4FFE-9CDA-25FB535B2126}.Ad-Hoc|Any CPU.Build.0 = Release|Any CPU
		{35DC512F-D4CD-4FFE-9CDA-25FB535B2126}.Ad-Hoc|iPhone.ActiveCfg = Release|Any CPU
		{35DC512F-D4CD-4FFE-9CDA-25FB535B2126}.Ad-Hoc|iPhone.Build.0 = Release|Any CPU
		{35DC512F-D4CD-4FFE-9CDA-25FB535B2126}.Ad-Hoc|iPhoneSimulator.ActiveCfg = Release|Any CPU
		{35DC512F-D4CD-4FFE-9CDA-25FB535B2126}.Ad-Hoc|iPhoneSimulator.Build.0 = Release|Any CPU
		{35DC512F-D4CD-4FFE-9CDA-25FB535B2126}.AppStore|Any CPU.ActiveCfg = Release|Any CPU
		{35DC512F-D4CD-4FFE-9CDA-25FB535B2126}.AppStore|Any CPU.Build.0 = Release|Any CPU
		{35DC512F-D4CD-4FFE-9CDA-25FB535B2126}.AppStore|iPhone.ActiveCfg = Release|Any CPU
		{35DC512F-D4CD-4FFE-9CDA-25FB535B2126}.AppStore|iPhone.Build.0 = Release|Any CPU
		{35DC512F-D4CD-4FFE-9CDA-25FB535B2126}.AppStore|iPhoneSimulator.ActiveCfg = Release|Any CPU
		{35DC512F-D4CD-4FFE-9CDA-25FB535B2126}.AppStore|iPhoneSimulator.Build.0 = Release|Any CPU
		{35DC512F-D4CD-4FFE-9CDA-25FB535B2126}.Debug|Any CPU.ActiveCfg = Debug|Any CPU
		{35DC512F-D4CD-4FFE-9CDA-25FB535B2126}.Debug|Any CPU.Build.0 = Debug|Any CPU
		{35DC512F-D4CD-4FFE-9CDA-25FB535B2126}.Debug|iPhone.ActiveCfg = Debug|Any CPU
		{35DC512F-D4CD-4FFE-9CDA-25FB535B2126}.Debug|iPhone.Build.0 = Debug|Any CPU
		{35DC512F-D4CD-4FFE-9CDA-25FB535B2126}.Debug|iPhoneSimulator.ActiveCfg = Debug|Any CPU
		{35DC512F-D4CD-4FFE-9CDA-25FB535B2126}.Debug|iPhoneSimulator.Build.0 = Debug|Any CPU
		{35DC512F-D4CD-4FFE-9CDA-25FB535B2126}.Release|Any CPU.ActiveCfg = Release|Any CPU
		{35DC512F-D4CD-4FFE-9CDA-25FB535B2126}.Release|Any CPU.Build.0 = Release|Any CPU
		{35DC512F-D4CD-4FFE-9CDA-25FB535B2126}.Release|iPhone.ActiveCfg = Release|Any CPU
		{35DC512F-D4CD-4FFE-9CDA-25FB535B2126}.Release|iPhone.Build.0 = Release|Any CPU
		{35DC512F-D4CD-4FFE-9CDA-25FB535B2126}.Release|iPhoneSimulator.ActiveCfg = Release|Any CPU
		{35DC512F-D4CD-4FFE-9CDA-25FB535B2126}.Release|iPhoneSimulator.Build.0 = Release|Any CPU
		{9AF4B18A-B169-480F-B586-0E33672E9DFE}.Ad-Hoc|Any CPU.ActiveCfg = Release|Any CPU
		{9AF4B18A-B169-480F-B586-0E33672E9DFE}.Ad-Hoc|Any CPU.Build.0 = Release|Any CPU
		{9AF4B18A-B169-480F-B586-0E33672E9DFE}.Ad-Hoc|iPhone.ActiveCfg = Release|Any CPU
		{9AF4B18A-B169-480F-B586-0E33672E9DFE}.Ad-Hoc|iPhone.Build.0 = Release|Any CPU
		{9AF4B18A-B169-480F-B586-0E33672E9DFE}.Ad-Hoc|iPhoneSimulator.ActiveCfg = Release|Any CPU
		{9AF4B18A-B169-480F-B586-0E33672E9DFE}.Ad-Hoc|iPhoneSimulator.Build.0 = Release|Any CPU
		{9AF4B18A-B169-480F-B586-0E33672E9DFE}.AppStore|Any CPU.ActiveCfg = Release|Any CPU
		{9AF4B18A-B169-480F-B586-0E33672E9DFE}.AppStore|Any CPU.Build.0 = Release|Any CPU
		{9AF4B18A-B169-480F-B586-0E33672E9DFE}.AppStore|iPhone.ActiveCfg = Release|Any CPU
		{9AF4B18A-B169-480F-B586-0E33672E9DFE}.AppStore|iPhone.Build.0 = Release|Any CPU
		{9AF4B18A-B169-480F-B586-0E33672E9DFE}.AppStore|iPhoneSimulator.ActiveCfg = Release|Any CPU
		{9AF4B18A-B169-480F-B586-0E33672E9DFE}.AppStore|iPhoneSimulator.Build.0 = Release|Any CPU
		{9AF4B18A-B169-480F-B586-0E33672E9DFE}.Debug|Any CPU.ActiveCfg = Debug|Any CPU
		{9AF4B18A-B169-480F-B586-0E33672E9DFE}.Debug|Any CPU.Build.0 = Debug|Any CPU
		{9AF4B18A-B169-480F-B586-0E33672E9DFE}.Debug|iPhone.ActiveCfg = Debug|Any CPU
		{9AF4B18A-B169-480F-B586-0E33672E9DFE}.Debug|iPhone.Build.0 = Debug|Any CPU
		{9AF4B18A-B169-480F-B586-0E33672E9DFE}.Debug|iPhoneSimulator.ActiveCfg = Debug|Any CPU
		{9AF4B18A-B169-480F-B586-0E33672E9DFE}.Debug|iPhoneSimulator.Build.0 = Debug|Any CPU
		{9AF4B18A-B169-480F-B586-0E33672E9DFE}.Release|Any CPU.ActiveCfg = Release|Any CPU
		{9AF4B18A-B169-480F-B586-0E33672E9DFE}.Release|Any CPU.Build.0 = Release|Any CPU
		{9AF4B18A-B169-480F-B586-0E33672E9DFE}.Release|iPhone.ActiveCfg = Release|Any CPU
		{9AF4B18A-B169-480F-B586-0E33672E9DFE}.Release|iPhone.Build.0 = Release|Any CPU
		{9AF4B18A-B169-480F-B586-0E33672E9DFE}.Release|iPhoneSimulator.ActiveCfg = Release|Any CPU
		{9AF4B18A-B169-480F-B586-0E33672E9DFE}.Release|iPhoneSimulator.Build.0 = Release|Any CPU
	EndGlobalSection
	GlobalSection(SolutionProperties) = preSolution
		HideSolutionNode = FALSE
	EndGlobalSection
	GlobalSection(ExtensibilityGlobals) = postSolution
		SolutionGuid = {02B17403-6F1C-47E9-8E7B-43D62B158E27}
	EndGlobalSection
EndGlobal
